
Microsoft Visual Studio Solution File, Format Version 12.00
# Visual Studio Version 16
VisualStudioVersion = 16.0.33801.447
MinimumVisualStudioVersion = 10.0.40219.1
Project("{8BC9CEB8-8B4A-11D0-8D11-00A0C91BC942}") = "Aurora", "Aurora\Aurora.vcxproj", "{25406789-763B-4AD1-A666-AF3507DA1F57}"
EndProject
Project("{8BC9CEB8-8B4A-11D0-8D11-00A0C91BC942}") = "Lemon", "Lemon\Lemon.vcxproj", "{A4D20877-080A-445B-BF83-61284046D6EC}"
EndProject
Global
	GlobalSection(SolutionConfigurationPlatforms) = preSolution
		Debug|x64 = Debug|x64
		Release|x64 = Release|x64
	EndGlobalSection
	GlobalSection(ProjectConfigurationPlatforms) = postSolution
		{25406789-763B-4AD1-A666-AF3507DA1F57}.Debug|x64.ActiveCfg = Debug|x64
		{25406789-763B-4AD1-A666-AF3507DA1F57}.Debug|x64.Build.0 = Debug|x64
		{25406789-763B-4AD1-A666-AF3507DA1F57}.Release|x64.ActiveCfg = Release|x64
		{25406789-763B-4AD1-A666-AF3507DA1F57}.Release|x64.Build.0 = Release|x64
		{A4D20877-080A-445B-BF83-61284046D6EC}.Debug|x64.ActiveCfg = Debug|x64
		{A4D20877-080A-445B-BF83-61284046D6EC}.Debug|x64.Build.0 = Debug|x64
		{A4D20877-080A-445B-BF83-61284046D6EC}.Release|x64.ActiveCfg = Release|x64
		{A4D20877-080A-445B-BF83-61284046D6EC}.Release|x64.Build.0 = Release|x64
	EndGlobalSection
	GlobalSection(SolutionProperties) = preSolution
		HideSolutionNode = FALSE
	EndGlobalSection
	GlobalSection(ExtensibilityGlobals) = postSolution
		SolutionGuid = {7C6D0A5E-DB63-4AE6-8E7A-F0C5F66F7CF9}
	EndGlobalSection
EndGlobal
